
Microsoft Visual Studio Solution File, Format Version 12.00
# Visual Studio Version 17
VisualStudioVersion = 17.6.33829.357
MinimumVisualStudioVersion = 10.0.40219.1
Project("{FAE04EC0-301F-11D3-BF4B-00C04F79EFBC}") = "GitHubExamples", "GitHubExamples\GitHubExamples.csproj", "{B0343497-3E1C-4A68-99AB-332BF17D4C49}"
EndProject
Global
	GlobalSection(SolutionConfigurationPlatforms) = preSolution
		Debug|Any CPU = Debug|Any CPU
		Release|Any CPU = Release|Any CPU
	EndGlobalSection
	GlobalSection(ProjectConfigurationPlatforms) = postSolution
		{B0343497-3E1C-4A68-99AB-332BF17D4C49}.Debug|Any CPU.ActiveCfg = Debug|Any CPU
		{B0343497-3E1C-4A68-99AB-332BF17D4C49}.Debug|Any CPU.Build.0 = Debug|Any CPU
		{B0343497-3E1C-4A68-99AB-332BF17D4C49}.Release|Any CPU.ActiveCfg = Release|Any CPU
		{B0343497-3E1C-4A68-99AB-332BF17D4C49}.Release|Any CPU.Build.0 = Release|Any CPU
	EndGlobalSection
	GlobalSection(SolutionProperties) = preSolution
		HideSolutionNode = FALSE
	EndGlobalSection
	GlobalSection(ExtensibilityGlobals) = postSolution
		SolutionGuid = {F446C87C-0B5B-4862-BE21-93E5704FE41F}
	EndGlobalSection
EndGlobal
